
Microsoft Visual Studio Solution File, Format Version 12.00
# Visual Studio Version 17
VisualStudioVersion = 17.7.34031.279
MinimumVisualStudioVersion = 10.0.40219.1
Project("{FAE04EC0-301F-11D3-BF4B-00C04F79EFBC}") = "ServicesLibrary", "ServicesLibrary\ServicesLibrary.csproj", "{0EFE60B6-5DA2-487B-B748-DA78A8EDFF11}"
EndProject
Global
	GlobalSection(SolutionConfigurationPlatforms) = preSolution
		Debug|Any CPU = Debug|Any CPU
		Release|Any CPU = Release|Any CPU
	EndGlobalSection
	GlobalSection(ProjectConfigurationPlatforms) = postSolution
		{0EFE60B6-5DA2-487B-B748-DA78A8EDFF11}.Debug|Any CPU.ActiveCfg = Debug|Any CPU
		{0EFE60B6-5DA2-487B-B748-DA78A8EDFF11}.Debug|Any CPU.Build.0 = Debug|Any CPU
		{0EFE60B6-5DA2-487B-B748-DA78A8EDFF11}.Release|Any CPU.ActiveCfg = Release|Any CPU
		{0EFE60B6-5DA2-487B-B748-DA78A8EDFF11}.Release|Any CPU.Build.0 = Release|Any CPU
	EndGlobalSection
	GlobalSection(SolutionProperties) = preSolution
		HideSolutionNode = FALSE
	EndGlobalSection
	GlobalSection(ExtensibilityGlobals) = postSolution
		SolutionGuid = {2890999C-A8FB-4972-9FC6-77711FB4DBAB}
	EndGlobalSection
EndGlobal
